// !$*UTF8*$!
{
	archiveVersion = 1;
	classes = {
	};
	objectVersion = 48;
	objects = {

/* Begin PBXBuildFile section */
		37642E2D1FB4FF3E009DE002 /* AppDelegate.swift in Sources */ = {isa = PBXBuildFile; fileRef = 37642E2C1FB4FF3E009DE002 /* AppDelegate.swift */; };
		37642E321FB4FF3E009DE002 /* Main.storyboard in Resources */ = {isa = PBXBuildFile; fileRef = 37642E301FB4FF3E009DE002 /* Main.storyboard */; };
		37642E341FB4FF3E009DE002 /* Assets.xcassets in Resources */ = {isa = PBXBuildFile; fileRef = 37642E331FB4FF3E009DE002 /* Assets.xcassets */; };
		37642E371FB4FF3E009DE002 /* LaunchScreen.storyboard in Resources */ = {isa = PBXBuildFile; fileRef = 37642E351FB4FF3E009DE002 /* LaunchScreen.storyboard */; };
		37642E421FB4FF3E009DE002 /* ConversionCalculatorTests.swift in Sources */ = {isa = PBXBuildFile; fileRef = 37642E411FB4FF3E009DE002 /* ConversionCalculatorTests.swift */; };
		37642E4D1FB4FF3E009DE002 /* ConversionCalculatorUITests.swift in Sources */ = {isa = PBXBuildFile; fileRef = 37642E4C1FB4FF3E009DE002 /* ConversionCalculatorUITests.swift */; };
		37642E5B1FB5005D009DE002 /* ConverterViewController.swift in Sources */ = {isa = PBXBuildFile; fileRef = 37642E5A1FB5005D009DE002 /* ConverterViewController.swift */; };
		37642E5F1FB67562009DE002 /* Converter.swift in Sources */ = {isa = PBXBuildFile; fileRef = 37642E5E1FB67562009DE002 /* Converter.swift */; };
/* End PBXBuildFile section */

/* Begin PBXContainerItemProxy section */
		37642E3E1FB4FF3E009DE002 /* PBXContainerItemProxy */ = {
			isa = PBXContainerItemProxy;
			containerPortal = 37642E211FB4FF3E009DE002 /* Project object */;
			proxyType = 1;
			remoteGlobalIDString = 37642E281FB4FF3E009DE002;
			remoteInfo = ConversionCalculator;
		};
		37642E491FB4FF3E009DE002 /* PBXContainerItemProxy */ = {
			isa = PBXContainerItemProxy;
			containerPortal = 37642E211FB4FF3E009DE002 /* Project object */;
			proxyType = 1;
			remoteGlobalIDString = 37642E281FB4FF3E009DE002;
			remoteInfo = ConversionCalculator;
		};
/* End PBXContainerItemProxy section */

/* Begin PBXFileReference section */
		37642E291FB4FF3E009DE002 /* ConversionCalculator.app */ = {isa = PBXFileReference; explicitFileType = wrapper.application; includeInIndex = 0; path = ConversionCalculator.app; sourceTree = BUILT_PRODUCTS_DIR; };
		37642E2C1FB4FF3E009DE002 /* AppDelegate.swift */ = {isa = PBXFileReference; lastKnownFileType = sourcecode.swift; path = AppDelegate.swift; sourceTree = "<group>"; };
		37642E311FB4FF3E009DE002 /* Base */ = {isa = PBXFileReference; lastKnownFileType = file.storyboard; name = Base; path = Base.lproj/Main.storyboard; sourceTree = "<group>"; };
		37642E331FB4FF3E009DE002 /* Assets.xcassets */ = {isa = PBXFileReference; lastKnownFileType = folder.assetcatalog; path = Assets.xcassets; sourceTree = "<group>"; };
		37642E361FB4FF3E009DE002 /* Base */ = {isa = PBXFileReference; lastKnownFileType = file.storyboard; name = Base; path = Base.lproj/LaunchScreen.storyboard; sourceTree = "<group>"; };
		37642E381FB4FF3E009DE002 /* Info.plist */ = {isa = PBXFileReference; lastKnownFileType = text.plist.xml; path = Info.plist; sourceTree = "<group>"; };
		37642E3D1FB4FF3E009DE002 /* ConversionCalculatorTests.xctest */ = {isa = PBXFileReference; explicitFileType = wrapper.cfbundle; includeInIndex = 0; path = ConversionCalculatorTests.xctest; sourceTree = BUILT_PRODUCTS_DIR; };
		37642E411FB4FF3E009DE002 /* ConversionCalculatorTests.swift */ = {isa = PBXFileReference; lastKnownFileType = sourcecode.swift; path = ConversionCalculatorTests.swift; sourceTree = "<group>"; };
		37642E431FB4FF3E009DE002 /* Info.plist */ = {isa = PBXFileReference; lastKnownFileType = text.plist.xml; path = Info.plist; sourceTree = "<group>"; };
		37642E481FB4FF3E009DE002 /* ConversionCalculatorUITests.xctest */ = {isa = PBXFileReference; explicitFileType = wrapper.cfbundle; includeInIndex = 0; path = ConversionCalculatorUITests.xctest; sourceTree = BUILT_PRODUCTS_DIR; };
		37642E4C1FB4FF3E009DE002 /* ConversionCalculatorUITests.swift */ = {isa = PBXFileReference; lastKnownFileType = sourcecode.swift; path = ConversionCalculatorUITests.swift; sourceTree = "<group>"; };
		37642E4E1FB4FF3E009DE002 /* Info.plist */ = {isa = PBXFileReference; lastKnownFileType = text.plist.xml; path = Info.plist; sourceTree = "<group>"; };
		37642E5A1FB5005D009DE002 /* ConverterViewController.swift */ = {isa = PBXFileReference; lastKnownFileType = sourcecode.swift; path = ConverterViewController.swift; sourceTree = "<group>"; };
		37642E5E1FB67562009DE002 /* Converter.swift */ = {isa = PBXFileReference; lastKnownFileType = sourcecode.swift; path = Converter.swift; sourceTree = "<group>"; };
/* End PBXFileReference section */

/* Begin PBXFrameworksBuildPhase section */
		37642E261FB4FF3E009DE002 /* Frameworks */ = {
			isa = PBXFrameworksBuildPhase;
			buildActionMask = 2147483647;
			files = (
			);
			runOnlyForDeploymentPostprocessing = 0;
		};
		37642E3A1FB4FF3E009DE002 /* Frameworks */ = {
			isa = PBXFrameworksBuildPhase;
			buildActionMask = 2147483647;
			files = (
			);
			runOnlyForDeploymentPostprocessing = 0;
		};
		37642E451FB4FF3E009DE002 /* Frameworks */ = {
			isa = PBXFrameworksBuildPhase;
			buildActionMask = 2147483647;
			files = (
			);
			runOnlyForDeploymentPostprocessing = 0;
		};
/* End PBXFrameworksBuildPhase section */

/* Begin PBXGroup section */
		37642E201FB4FF3E009DE002 = {
			isa = PBXGroup;
			children = (
				37642E2B1FB4FF3E009DE002 /* ConversionCalculator */,
				37642E401FB4FF3E009DE002 /* ConversionCalculatorTests */,
				37642E4B1FB4FF3E009DE002 /* ConversionCalculatorUITests */,
				37642E2A1FB4FF3E009DE002 /* Products */,
			);
			sourceTree = "<group>";
		};
		37642E2A1FB4FF3E009DE002 /* Products */ = {
			isa = PBXGroup;
			children = (
				37642E291FB4FF3E009DE002 /* ConversionCalculator.app */,
				37642E3D1FB4FF3E009DE002 /* ConversionCalculatorTests.xctest */,
				37642E481FB4FF3E009DE002 /* ConversionCalculatorUITests.xctest */,
			);
			name = Products;
			sourceTree = "<group>";
		};
		37642E2B1FB4FF3E009DE002 /* ConversionCalculator */ = {
			isa = PBXGroup;
			children = (
				37642E2C1FB4FF3E009DE002 /* AppDelegate.swift */,
				37642E301FB4FF3E009DE002 /* Main.storyboard */,
				37642E331FB4FF3E009DE002 /* Assets.xcassets */,
				37642E351FB4FF3E009DE002 /* LaunchScreen.storyboard */,
				37642E381FB4FF3E009DE002 /* Info.plist */,
				37642E5A1FB5005D009DE002 /* ConverterViewController.swift */,
				37642E5E1FB67562009DE002 /* Converter.swift */,
			);
			path = ConversionCalculator;
			sourceTree = "<group>";
		};
		37642E401FB4FF3E009DE002 /* ConversionCalculatorTests */ = {
			isa = PBXGroup;
			children = (
				37642E411FB4FF3E009DE002 /* ConversionCalculatorTests.swift */,
				37642E431FB4FF3E009DE002 /* Info.plist */,
			);
			path = ConversionCalculatorTests;
			sourceTree = "<group>";
		};
		37642E4B1FB4FF3E009DE002 /* ConversionCalculatorUITests */ = {
			isa = PBXGroup;
			children = (
				37642E4C1FB4FF3E009DE002 /* ConversionCalculatorUITests.swift */,
				37642E4E1FB4FF3E009DE002 /* Info.plist */,
			);
			path = ConversionCalculatorUITests;
			sourceTree = "<group>";
		};
/* End PBXGroup section */

/* Begin PBXNativeTarget section */
		37642E281FB4FF3E009DE002 /* ConversionCalculator */ = {
			isa = PBXNativeTarget;
			buildConfigurationList = 37642E511FB4FF3E009DE002 /* Build configuration list for PBXNativeTarget "ConversionCalculator" */;
			buildPhases = (
				37642E251FB4FF3E009DE002 /* Sources */,
				37642E261FB4FF3E009DE002 /* Frameworks */,
				37642E271FB4FF3E009DE002 /* Resources */,
			);
			buildRules = (
			);
			dependencies = (
			);
			name = ConversionCalculator;
			productName = ConversionCalculator;
			productReference = 37642E291FB4FF3E009DE002 /* ConversionCalculator.app */;
			productType = "com.apple.product-type.application";
		};
		37642E3C1FB4FF3E009DE002 /* ConversionCalculatorTests */ = {
			isa = PBXNativeTarget;
			buildConfigurationList = 37642E541FB4FF3E009DE002 /* Build configuration list for PBXNativeTarget "ConversionCalculatorTests" */;
			buildPhases = (
				37642E391FB4FF3E009DE002 /* Sources */,
				37642E3A1FB4FF3E009DE002 /* Frameworks */,
				37642E3B1FB4FF3E009DE002 /* Resources */,
			);
			buildRules = (
			);
			dependencies = (
				37642E3F1FB4FF3E009DE002 /* PBXTargetDependency */,
			);
			name = ConversionCalculatorTests;
			productName = ConversionCalculatorTests;
			productReference = 37642E3D1FB4FF3E009DE002 /* ConversionCalculatorTests.xctest */;
			productType = "com.apple.product-type.bundle.unit-test";
		};
		37642E471FB4FF3E009DE002 /* ConversionCalculatorUITests */ = {
			isa = PBXNativeTarget;
			buildConfigurationList = 37642E571FB4FF3E009DE002 /* Build configuration list for PBXNativeTarget "ConversionCalculatorUITests" */;
			buildPhases = (
				37642E441FB4FF3E009DE002 /* Sources */,
				37642E451FB4FF3E009DE002 /* Frameworks */,
				37642E461FB4FF3E009DE002 /* Resources */,
			);
			buildRules = (
			);
			dependencies = (
				37642E4A1FB4FF3E009DE002 /* PBXTargetDependency */,
			);
			name = ConversionCalculatorUITests;
			productName = ConversionCalculatorUITests;
			productReference = 37642E481FB4FF3E009DE002 /* ConversionCalculatorUITests.xctest */;
			productType = "com.apple.product-type.bundle.ui-testing";
		};
/* End PBXNativeTarget section */

/* Begin PBXProject section */
		37642E211FB4FF3E009DE002 /* Project object */ = {
			isa = PBXProject;
			attributes = {
				LastSwiftUpdateCheck = 0910;
				LastUpgradeCheck = 0910;
				ORGANIZATIONNAME = "Logan VanDerBeck";
				TargetAttributes = {
					37642E281FB4FF3E009DE002 = {
						CreatedOnToolsVersion = 9.1;
						ProvisioningStyle = Automatic;
					};
					37642E3C1FB4FF3E009DE002 = {
						CreatedOnToolsVersion = 9.1;
						ProvisioningStyle = Automatic;
						TestTargetID = 37642E281FB4FF3E009DE002;
					};
					37642E471FB4FF3E009DE002 = {
						CreatedOnToolsVersion = 9.1;
						ProvisioningStyle = Automatic;
						TestTargetID = 37642E281FB4FF3E009DE002;
					};
				};
			};
			buildConfigurationList = 37642E241FB4FF3E009DE002 /* Build configuration list for PBXProject "ConversionCalculator" */;
			compatibilityVersion = "Xcode 8.0";
			developmentRegion = en;
			hasScannedForEncodings = 0;
			knownRegions = (
				en,
				Base,
			);
			mainGroup = 37642E201FB4FF3E009DE002;
			productRefGroup = 37642E2A1FB4FF3E009DE002 /* Products */;
			projectDirPath = "";
			projectRoot = "";
			targets = (
				37642E281FB4FF3E009DE002 /* ConversionCalculator */,
				37642E3C1FB4FF3E009DE002 /* ConversionCalculatorTests */,
				37642E471FB4FF3E009DE002 /* ConversionCalculatorUITests */,
			);
		};
/* End PBXProject section */

/* Begin PBXResourcesBuildPhase section */
		37642E271FB4FF3E009DE002 /* Resources */ = {
			isa = PBXResourcesBuildPhase;
			buildActionMask = 2147483647;
			files = (
				37642E371FB4FF3E009DE002 /* LaunchScreen.storyboard in Resources */,
				37642E341FB4FF3E009DE002 /* Assets.xcassets in Resources */,
				37642E321FB4FF3E009DE002 /* Main.storyboard in Resources */,
			);
			runOnlyForDeploymentPostprocessing = 0;
		};
		37642E3B1FB4FF3E009DE002 /* Resources */ = {
			isa = PBXResourcesBuildPhase;
			buildActionMask = 2147483647;
			files = (
			);
			runOnlyForDeploymentPostprocessing = 0;
		};
		37642E461FB4FF3E009DE002 /* Resources */ = {
			isa = PBXResourcesBuildPhase;
			buildActionMask = 2147483647;
			files = (
			);
			runOnlyForDeploymentPostprocessing = 0;
		};
/* End PBXResourcesBuildPhase section */

/* Begin PBXSourcesBuildPhase section */
		37642E251FB4FF3E009DE002 /* Sources */ = {
			isa = PBXSourcesBuildPhase;
			buildActionMask = 2147483647;
			files = (
				37642E2D1FB4FF3E009DE002 /* AppDelegate.swift in Sources */,
				37642E5F1FB67562009DE002 /* Converter.swift in Sources */,
				37642E5B1FB5005D009DE002 /* ConverterViewController.swift in Sources */,
			);
			runOnlyForDeploymentPostprocessing = 0;
		};
		37642E391FB4FF3E009DE002 /* Sources */ = {
			isa = PBXSourcesBuildPhase;
			buildActionMask = 2147483647;
			files = (
				37642E421FB4FF3E009DE002 /* ConversionCalculatorTests.swift in Sources */,
			);
			runOnlyForDeploymentPostprocessing = 0;
		};
		37642E441FB4FF3E009DE002 /* Sources */ = {
			isa = PBXSourcesBuildPhase;
			buildActionMask = 2147483647;
			files = (
				37642E4D1FB4FF3E009DE002 /* ConversionCalculatorUITests.swift in Sources */,
			);
			runOnlyForDeploymentPostprocessing = 0;
		};
/* End PBXSourcesBuildPhase section */

/* Begin PBXTargetDependency section */
		37642E3F1FB4FF3E009DE002 /* PBXTargetDependency */ = {
			isa = PBXTargetDependency;
			target = 37642E281FB4FF3E009DE002 /* ConversionCalculator */;
			targetProxy = 37642E3E1FB4FF3E009DE002 /* PBXContainerItemProxy */;
		};
		37642E4A1FB4FF3E009DE002 /* PBXTargetDependency */ = {
			isa = PBXTargetDependency;
			target = 37642E281FB4FF3E009DE002 /* ConversionCalculator */;
			targetProxy = 37642E491FB4FF3E009DE002 /* PBXContainerItemProxy */;
		};
/* End PBXTargetDependency section */

/* Begin PBXVariantGroup section */
		37642E301FB4FF3E009DE002 /* Main.storyboard */ = {
			isa = PBXVariantGroup;
			children = (
				37642E311FB4FF3E009DE002 /* Base */,
			);
			name = Main.storyboard;
			sourceTree = "<group>";
		};
		37642E351FB4FF3E009DE002 /* LaunchScreen.storyboard */ = {
			isa = PBXVariantGroup;
			children = (
				37642E361FB4FF3E009DE002 /* Base */,
			);
			name = LaunchScreen.storyboard;
			sourceTree = "<group>";
		};
/* End PBXVariantGroup section */

/* Begin XCBuildConfiguration section */
		37642E4F1FB4FF3E009DE002 /* Debug */ = {
			isa = XCBuildConfiguration;
			buildSettings = {
				ALWAYS_SEARCH_USER_PATHS = NO;
				CLANG_ANALYZER_NONNULL = YES;
				CLANG_ANALYZER_NUMBER_OBJECT_CONVERSION = YES_AGGRESSIVE;
				CLANG_CXX_LANGUAGE_STANDARD = "gnu++14";
				CLANG_CXX_LIBRARY = "libc++";
				CLANG_ENABLE_MODULES = YES;
				CLANG_ENABLE_OBJC_ARC = YES;
				CLANG_WARN_BLOCK_CAPTURE_AUTORELEASING = YES;
				CLANG_WARN_BOOL_CONVERSION = YES;
				CLANG_WARN_COMMA = YES;
				CLANG_WARN_CONSTANT_CONVERSION = YES;
				CLANG_WARN_DIRECT_OBJC_ISA_USAGE = YES_ERROR;
				CLANG_WARN_DOCUMENTATION_COMMENTS = YES;
				CLANG_WARN_EMPTY_BODY = YES;
				CLANG_WARN_ENUM_CONVERSION = YES;
				CLANG_WARN_INFINITE_RECURSION = YES;
				CLANG_WARN_INT_CONVERSION = YES;
				CLANG_WARN_NON_LITERAL_NULL_CONVERSION = YES;
				CLANG_WARN_OBJC_LITERAL_CONVERSION = YES;
				CLANG_WARN_OBJC_ROOT_CLASS = YES_ERROR;
				CLANG_WARN_RANGE_LOOP_ANALYSIS = YES;
				CLANG_WARN_STRICT_PROTOTYPES = YES;
				CLANG_WARN_SUSPICIOUS_MOVE = YES;
				CLANG_WARN_UNGUARDED_AVAILABILITY = YES_AGGRESSIVE;
				CLANG_WARN_UNREACHABLE_CODE = YES;
				CLANG_WARN__DUPLICATE_METHOD_MATCH = YES;
				CODE_SIGN_IDENTITY = "iPhone Developer";
				COPY_PHASE_STRIP = NO;
				DEBUG_INFORMATION_FORMAT = dwarf;
				ENABLE_STRICT_OBJC_MSGSEND = YES;
				ENABLE_TESTABILITY = YES;
				GCC_C_LANGUAGE_STANDARD = gnu11;
				GCC_DYNAMIC_NO_PIC = NO;
				GCC_NO_COMMON_BLOCKS = YES;
				GCC_OPTIMIZATION_LEVEL = 0;
				GCC_PREPROCESSOR_DEFINITIONS = (
					"DEBUG=1",
					"$(inherited)",
				);
				GCC_WARN_64_TO_32_BIT_CONVERSION = YES;
				GCC_WARN_ABOUT_RETURN_TYPE = YES_ERROR;
				GCC_WARN_UNDECLARED_SELECTOR = YES;
				GCC_WARN_UNINITIALIZED_AUTOS = YES_AGGRESSIVE;
				GCC_WARN_UNUSED_FUNCTION = YES;
				GCC_WARN_UNUSED_VARIABLE = YES;
				IPHONEOS_DEPLOYMENT_TARGET = 11.1;
				MTL_ENABLE_DEBUG_INFO = YES;
				ONLY_ACTIVE_ARCH = YES;
				SDKROOT = iphoneos;
				SWIFT_ACTIVE_COMPILATION_CONDITIONS = DEBUG;
				SWIFT_OPTIMIZATION_LEVEL = "-Onone";
			};
			name = Debug;
		};
		37642E501FB4FF3E009DE002 /* Release */ = {
			isa = XCBuildConfiguration;
			buildSettings = {
				ALWAYS_SEARCH_USER_PATHS = NO;
				CLANG_ANALYZER_NONNULL = YES;
				CLANG_ANALYZER_NUMBER_OBJECT_CONVERSION = YES_AGGRESSIVE;
				CLANG_CXX_LANGUAGE_STANDARD = "gnu++14";
				CLANG_CXX_LIBRARY = "libc++";
				CLANG_ENABLE_MODULES = YES;
				CLANG_ENABLE_OBJC_ARC = YES;
				CLANG_WARN_BLOCK_CAPTURE_AUTORELEASING = YES;
				CLANG_WARN_BOOL_CONVERSION = YES;
				CLANG_WARN_COMMA = YES;
				CLANG_WARN_CONSTANT_CONVERSION = YES;
				CLANG_WARN_DIRECT_OBJC_ISA_USAGE = YES_ERROR;
				CLANG_WARN_DOCUMENTATION_COMMENTS = YES;
				CLANG_WARN_EMPTY_BODY = YES;
				CLANG_WARN_ENUM_CONVERSION = YES;
				CLANG_WARN_INFINITE_RECURSION = YES;
				CLANG_WARN_INT_CONVERSION = YES;
				CLANG_WARN_NON_LITERAL_NULL_CONVERSION = YES;
				CLANG_WARN_OBJC_LITERAL_CONVERSION = YES;
				CLANG_WARN_OBJC_ROOT_CLASS = YES_ERROR;
				CLANG_WARN_RANGE_LOOP_ANALYSIS = YES;
				CLANG_WARN_STRICT_PROTOTYPES = YES;
				CLANG_WARN_SUSPICIOUS_MOVE = YES;
				CLANG_WARN_UNGUARDED_AVAILABILITY = YES_AGGRESSIVE;
				CLANG_WARN_UNREACHABLE_CODE = YES;
				CLANG_WARN__DUPLICATE_METHOD_MATCH = YES;
				CODE_SIGN_IDENTITY = "iPhone Developer";
				COPY_PHASE_STRIP = NO;
				DEBUG_INFORMATION_FORMAT = "dwarf-with-dsym";
				ENABLE_NS_ASSERTIONS = NO;
				ENABLE_STRICT_OBJC_MSGSEND = YES;
				GCC_C_LANGUAGE_STANDARD = gnu11;
				GCC_NO_COMMON_BLOCKS = YES;
				GCC_WARN_64_TO_32_BIT_CONVERSION = YES;
				GCC_WARN_ABOUT_RETURN_TYPE = YES_ERROR;
				GCC_WARN_UNDECLARED_SELECTOR = YES;
				GCC_WARN_UNINITIALIZED_AUTOS = YES_AGGRESSIVE;
				GCC_WARN_UNUSED_FUNCTION = YES;
				GCC_WARN_UNUSED_VARIABLE = YES;
				IPHONEOS_DEPLOYMENT_TARGET = 11.1;
				MTL_ENABLE_DEBUG_INFO = NO;
				SDKROOT = iphoneos;
				SWIFT_OPTIMIZATION_LEVEL = "-Owholemodule";
				VALIDATE_PRODUCT = YES;
			};
			name = Release;
		};
		37642E521FB4FF3E009DE002 /* Debug */ = {
			isa = XCBuildConfiguration;
			buildSettings = {
				ASSETCATALOG_COMPILER_APPICON_NAME = AppIcon;
				CODE_SIGN_STYLE = Automatic;
				DEVELOPMENT_TEAM = 7Y4L2KB2U2;
				INFOPLIST_FILE = ConversionCalculator/Info.plist;
				LD_RUNPATH_SEARCH_PATHS = "$(inherited) @executable_path/Frameworks";
				PRODUCT_BUNDLE_IDENTIFIER = LoganVanDerBeck.ConversionCalculator;
				PRODUCT_NAME = "$(TARGET_NAME)";
				SWIFT_VERSION = 4.0;
				TARGETED_DEVICE_FAMILY = "1,2";
			};
			name = Debug;
		};
		37642E531FB4FF3E009DE002 /* Release */ = {
			isa = XCBuildConfiguration;
			buildSettings = {
				ASSETCATALOG_COMPILER_APPICON_NAME = AppIcon;
				CODE_SIGN_STYLE = Automatic;
				DEVELOPMENT_TEAM = 7Y4L2KB2U2;
				INFOPLIST_FILE = ConversionCalculator/Info.plist;
				LD_RUNPATH_SEARCH_PATHS = "$(inherited) @executable_path/Frameworks";
				PRODUCT_BUNDLE_IDENTIFIER = LoganVanDerBeck.ConversionCalculator;
				PRODUCT_NAME = "$(TARGET_NAME)";
				SWIFT_VERSION = 4.0;
				TARGETED_DEVICE_FAMILY = "1,2";
			};
			name = Release;
		};
		37642E551FB4FF3E009DE002 /* Debug */ = {
			isa = XCBuildConfiguration;
			buildSettings = {
				ALWAYS_EMBED_SWIFT_STANDARD_LIBRARIES = YES;
				BUNDLE_LOADER = "$(TEST_HOST)";
				CODE_SIGN_STYLE = Automatic;
				DEVELOPMENT_TEAM = 7Y4L2KB2U2;
				INFOPLIST_FILE = ConversionCalculatorTests/Info.plist;
				LD_RUNPATH_SEARCH_PATHS = "$(inherited) @executable_path/Frameworks @loader_path/Frameworks";
				PRODUCT_BUNDLE_IDENTIFIER = LoganVanDerBeck.ConversionCalculatorTests;
				PRODUCT_NAME = "$(TARGET_NAME)";
				SWIFT_VERSION = 4.0;
				TARGETED_DEVICE_FAMILY = "1,2";
				TEST_HOST = "$(BUILT_PRODUCTS_DIR)/ConversionCalculator.app/ConversionCalculator";
			};
			name = Debug;
		};
		37642E561FB4FF3E009DE002 /* Release */ = {
			isa = XCBuildConfiguration;
			buildSettings = {
				ALWAYS_EMBED_SWIFT_STANDARD_LIBRARIES = YES;
				BUNDLE_LOADER = "$(TEST_HOST)";
				CODE_SIGN_STYLE = Automatic;
				DEVELOPMENT_TEAM = 7Y4L2KB2U2;
				INFOPLIST_FILE = ConversionCalculatorTests/Info.plist;
				LD_RUNPATH_SEARCH_PATHS = "$(inherited) @executable_path/Frameworks @loader_path/Frameworks";
				PRODUCT_BUNDLE_IDENTIFIER = LoganVanDerBeck.ConversionCalculatorTests;
				PRODUCT_NAME = "$(TARGET_NAME)";
				SWIFT_VERSION = 4.0;
				TARGETED_DEVICE_FAMILY = "1,2";
				TEST_HOST = "$(BUILT_PRODUCTS_DIR)/ConversionCalculator.app/ConversionCalculator";
			};
			name = Release;
		};
		37642E581FB4FF3E009DE002 /* Debug */ = {
			isa = XCBuildConfiguration;
			buildSettings = {
				ALWAYS_EMBED_SWIFT_STANDARD_LIBRARIES = YES;
				CODE_SIGN_STYLE = Automatic;
				DEVELOPMENT_TEAM = 7Y4L2KB2U2;
				INFOPLIST_FILE = ConversionCalculatorUITests/Info.plist;
				LD_RUNPATH_SEARCH_PATHS = "$(inherited) @executable_path/Frameworks @loader_path/Frameworks";
				PRODUCT_BUNDLE_IDENTIFIER = LoganVanDerBeck.ConversionCalculatorUITests;
				PRODUCT_NAME = "$(TARGET_NAME)";
				SWIFT_VERSION = 4.0;
				TARGETED_DEVICE_FAMILY = "1,2";
				TEST_TARGET_NAME = ConversionCalculator;
			};
			name = Debug;
		};
		37642E591FB4FF3E009DE002 /* Release */ = {
			isa = XCBuildConfiguration;
			buildSettings = {
				ALWAYS_EMBED_SWIFT_STANDARD_LIBRARIES = YES;
				CODE_SIGN_STYLE = Automatic;
				DEVELOPMENT_TEAM = 7Y4L2KB2U2;
				INFOPLIST_FILE = ConversionCalculatorUITests/Info.plist;
				LD_RUNPATH_SEARCH_PATHS = "$(inherited) @executable_path/Frameworks @loader_path/Frameworks";
				PRODUCT_BUNDLE_IDENTIFIER = LoganVanDerBeck.ConversionCalculatorUITests;
				PRODUCT_NAME = "$(TARGET_NAME)";
				SWIFT_VERSION = 4.0;
				TARGETED_DEVICE_FAMILY = "1,2";
				TEST_TARGET_NAME = ConversionCalculator;
			};
			name = Release;
		};
/* End XCBuildConfiguration section */

/* Begin XCConfigurationList section */
		37642E241FB4FF3E009DE002 /* Build configuration list for PBXProject "ConversionCalculator" */ = {
			isa = XCConfigurationList;
			buildConfigurations = (
				37642E4F1FB4FF3E009DE002 /* Debug */,
				37642E501FB4FF3E009DE002 /* Release */,
			);
			defaultConfigurationIsVisible = 0;
			defaultConfigurationName = Release;
		};
		37642E511FB4FF3E009DE002 /* Build configuration list for PBXNativeTarget "ConversionCalculator" */ = {
			isa = XCConfigurationList;
			buildConfigurations = (
				37642E521FB4FF3E009DE002 /* Debug */,
				37642E531FB4FF3E009DE002 /* Release */,
			);
			defaultConfigurationIsVisible = 0;
			defaultConfigurationName = Release;
		};
		37642E541FB4FF3E009DE002 /* Build configuration list for PBXNativeTarget "ConversionCalculatorTests" */ = {
			isa = XCConfigurationList;
			buildConfigurations = (
				37642E551FB4FF3E009DE002 /* Debug */,
				37642E561FB4FF3E009DE002 /* Release */,
			);
			defaultConfigurationIsVisible = 0;
			defaultConfigurationName = Release;
		};
		37642E571FB4FF3E009DE002 /* Build configuration list for PBXNativeTarget "ConversionCalculatorUITests" */ = {
			isa = XCConfigurationList;
			buildConfigurations = (
				37642E581FB4FF3E009DE002 /* Debug */,
				37642E591FB4FF3E009DE002 /* Release */,
			);
			defaultConfigurationIsVisible = 0;
			defaultConfigurationName = Release;
		};
/* End XCConfigurationList section */
	};
	rootObject = 37642E211FB4FF3E009DE002 /* Project object */;
}
